
Microsoft Visual Studio Solution File, Format Version 12.00
# Visual Studio 2017
Project("{FAE04EC0-301F-11D3-BF4B-00C04F79EFBC}") = "Capstone 3D", "Capstone 3D.csproj", "{6AE4DD42-A690-993A-1A38-1C77C5C36ED1}"
EndProject
Project("{FAE04EC0-301F-11D3-BF4B-00C04F79EFBC}") = "Capstone 3D.Plugins", "Capstone 3D.Plugins.csproj", "{094F23AE-2709-7B1F-7F9B-2D7C94E6F8E4}"
EndProject
Project("{FAE04EC0-301F-11D3-BF4B-00C04F79EFBC}") = "Capstone 3D.Editor.Plugins", "Capstone 3D.Editor.Plugins.csproj", "{E4A95DA2-F349-192A-0ACC-A4147F44B696}"
EndProject
Global
	GlobalSection(SolutionConfigurationPlatforms) = preSolution
		Debug|Any CPU = Debug|Any CPU
		Release|Any CPU = Release|Any CPU
	EndGlobalSection
	GlobalSection(ProjectConfigurationPlatforms) = postSolution
		{6AE4DD42-A690-993A-1A38-1C77C5C36ED1}.Debug|Any CPU.ActiveCfg = Debug|Any CPU
		{6AE4DD42-A690-993A-1A38-1C77C5C36ED1}.Debug|Any CPU.Build.0 = Debug|Any CPU
		{6AE4DD42-A690-993A-1A38-1C77C5C36ED1}.Release|Any CPU.ActiveCfg = Release|Any CPU
		{6AE4DD42-A690-993A-1A38-1C77C5C36ED1}.Release|Any CPU.Build.0 = Release|Any CPU
		{094F23AE-2709-7B1F-7F9B-2D7C94E6F8E4}.Debug|Any CPU.ActiveCfg = Debug|Any CPU
		{094F23AE-2709-7B1F-7F9B-2D7C94E6F8E4}.Debug|Any CPU.Build.0 = Debug|Any CPU
		{094F23AE-2709-7B1F-7F9B-2D7C94E6F8E4}.Release|Any CPU.ActiveCfg = Release|Any CPU
		{094F23AE-2709-7B1F-7F9B-2D7C94E6F8E4}.Release|Any CPU.Build.0 = Release|Any CPU
		{E4A95DA2-F349-192A-0ACC-A4147F44B696}.Debug|Any CPU.ActiveCfg = Debug|Any CPU
		{E4A95DA2-F349-192A-0ACC-A4147F44B696}.Debug|Any CPU.Build.0 = Debug|Any CPU
		{E4A95DA2-F349-192A-0ACC-A4147F44B696}.Release|Any CPU.ActiveCfg = Release|Any CPU
		{E4A95DA2-F349-192A-0ACC-A4147F44B696}.Release|Any CPU.Build.0 = Release|Any CPU
	EndGlobalSection
	GlobalSection(SolutionProperties) = preSolution
		HideSolutionNode = FALSE
	EndGlobalSection
EndGlobal
